
Microsoft Visual Studio Solution File, Format Version 12.00
# Visual Studio 15
VisualStudioVersion = 15.0.28307.572
MinimumVisualStudioVersion = 10.0.40219.1
Project("{8BC9CEB8-8B4A-11D0-8D11-00A0C91BC942}") = "Homework20190919_Dynamic_matrix", "Homework20190919_Dynamic_matrix.vcxproj", "{E6683F1B-5ABE-46CE-8FB4-26879750567E}"
EndProject
Global
	GlobalSection(SolutionConfigurationPlatforms) = preSolution
		Debug|x64 = Debug|x64
		Debug|x86 = Debug|x86
		Release|x64 = Release|x64
		Release|x86 = Release|x86
	EndGlobalSection
	GlobalSection(ProjectConfigurationPlatforms) = postSolution
		{E6683F1B-5ABE-46CE-8FB4-26879750567E}.Debug|x64.ActiveCfg = Debug|x64
		{E6683F1B-5ABE-46CE-8FB4-26879750567E}.Debug|x64.Build.0 = Debug|x64
		{E6683F1B-5ABE-46CE-8FB4-26879750567E}.Debug|x86.ActiveCfg = Debug|Win32
		{E6683F1B-5ABE-46CE-8FB4-26879750567E}.Debug|x86.Build.0 = Debug|Win32
		{E6683F1B-5ABE-46CE-8FB4-26879750567E}.Release|x64.ActiveCfg = Release|x64
		{E6683F1B-5ABE-46CE-8FB4-26879750567E}.Release|x64.Build.0 = Release|x64
		{E6683F1B-5ABE-46CE-8FB4-26879750567E}.Release|x86.ActiveCfg = Release|Win32
		{E6683F1B-5ABE-46CE-8FB4-26879750567E}.Release|x86.Build.0 = Release|Win32
	EndGlobalSection
	GlobalSection(SolutionProperties) = preSolution
		HideSolutionNode = FALSE
	EndGlobalSection
	GlobalSection(ExtensibilityGlobals) = postSolution
		SolutionGuid = {C3579D2C-D78E-447B-93FA-A004478C3E90}
	EndGlobalSection
EndGlobal
